// !$*UTF8*$!
{
	archiveVersion = 1;
	classes = {
	};
	objectVersion = 56;
	objects = {

/* Begin PBXBuildFile section */
		A20000000000000000000001 /* ContextAppApp.swift in Sources */ = {isa = PBXBuildFile; fileRef = A20000000000000000000031 /* ContextAppApp.swift */; };
		A20000000000000000000002 /* AppDelegate.swift in Sources */ = {isa = PBXBuildFile; fileRef = A20000000000000000000032 /* AppDelegate.swift */; };
		A20000000000000000000003 /* PopupState.swift in Sources */ = {isa = PBXBuildFile; fileRef = A20000000000000000000033 /* PopupState.swift */; };
		A20000000000000000000004 /* ScreenBoundsKeeper.swift in Sources */ = {isa = PBXBuildFile; fileRef = A20000000000000000000034 /* ScreenBoundsKeeper.swift */; };
		A20000000000000000000005 /* BboxPositionGenerator.swift in Sources */ = {isa = PBXBuildFile; fileRef = A20000000000000000000035 /* BboxPositionGenerator.swift */; };
		A20000000000000000000006 /* DebugBboxState.swift in Sources */ = {isa = PBXBuildFile; fileRef = A20000000000000000000036 /* DebugBboxState.swift */; };
		A20000000000000000000007 /* ChatMessageStore.swift in Sources */ = {isa = PBXBuildFile; fileRef = A20000000000000000000037 /* ChatMessageStore.swift */; };
		A20000000000000000000008 /* OverlayCoordinator.swift in Sources */ = {isa = PBXBuildFile; fileRef = A20000000000000000000038 /* OverlayCoordinator.swift */; };
		A20000000000000000000009 /* PopupController.swift in Sources */ = {isa = PBXBuildFile; fileRef = A20000000000000000000039 /* PopupController.swift */; };
		A2000000000000000000000A /* IconMenuController.swift in Sources */ = {isa = PBXBuildFile; fileRef = A2000000000000000000003A /* IconMenuController.swift */; };
		A2000000000000000000000B /* DebugBboxController.swift in Sources */ = {isa = PBXBuildFile; fileRef = A2000000000000000000003B /* DebugBboxController.swift */; };
		A2000000000000000000000C /* PopupPanel.swift in Sources */ = {isa = PBXBuildFile; fileRef = A2000000000000000000003C /* PopupPanel.swift */; };
		A2000000000000000000000D /* IconPanel.swift in Sources */ = {isa = PBXBuildFile; fileRef = A2000000000000000000003D /* IconPanel.swift */; };
		A2000000000000000000000E /* DebugBboxPanel.swift in Sources */ = {isa = PBXBuildFile; fileRef = A2000000000000000000003E /* DebugBboxPanel.swift */; };
		A2000000000000000000000F /* ChatPopupView.swift in Sources */ = {isa = PBXBuildFile; fileRef = A2000000000000000000003F /* ChatPopupView.swift */; };
		A20000000000000000000010 /* IconView.swift in Sources */ = {isa = PBXBuildFile; fileRef = A20000000000000000000040 /* IconView.swift */; };
		A20000000000000000000011 /* DebugBboxView.swift in Sources */ = {isa = PBXBuildFile; fileRef = A20000000000000000000041 /* DebugBboxView.swift */; };
		A20000000000000000000012 /* IconContextMenu.swift in Sources */ = {isa = PBXBuildFile; fileRef = A20000000000000000000042 /* IconContextMenu.swift */; };
		A20000000000000000000013 /* PopupStateTests.swift in Sources */ = {isa = PBXBuildFile; fileRef = A20000000000000000000043 /* PopupStateTests.swift */; };
		A20000000000000000000014 /* ScreenBoundsKeeperTests.swift in Sources */ = {isa = PBXBuildFile; fileRef = A20000000000000000000044 /* ScreenBoundsKeeperTests.swift */; };
		A20000000000000000000015 /* BboxPositionGeneratorTests.swift in Sources */ = {isa = PBXBuildFile; fileRef = A20000000000000000000045 /* BboxPositionGeneratorTests.swift */; };
		A20000000000000000000016 /* DebugBboxStateTests.swift in Sources */ = {isa = PBXBuildFile; fileRef = A20000000000000000000046 /* DebugBboxStateTests.swift */; };
		A20000000000000000000017 /* ChatMessageStoreTests.swift in Sources */ = {isa = PBXBuildFile; fileRef = A20000000000000000000047 /* ChatMessageStoreTests.swift */; };
		A20000000000000000000018 /* GroundingBoundingBox.swift in Sources */ = {isa = PBXBuildFile; fileRef = A20000000000000000000048 /* GroundingBoundingBox.swift */; };
		A20000000000000000000019 /* GroundingClient.swift in Sources */ = {isa = PBXBuildFile; fileRef = A20000000000000000000049 /* GroundingClient.swift */; };
		A2000000000000000000001A /* ScreenFrameCapture.swift in Sources */ = {isa = PBXBuildFile; fileRef = A2000000000000000000004A /* ScreenFrameCapture.swift */; };
		AC0000000000000000000001 /* ScreenStabilityWatcher.swift in Sources */ = {isa = PBXBuildFile; fileRef = AC0000000000000000000011 /* ScreenStabilityWatcher.swift */; };
		AC0000000000000000000002 /* StabilityIndicatorController.swift in Sources */ = {isa = PBXBuildFile; fileRef = AC0000000000000000000012 /* StabilityIndicatorController.swift */; };
		A2000000000000000000001B /* ScreenGroundingController.swift in Sources */ = {isa = PBXBuildFile; fileRef = A2000000000000000000004B /* ScreenGroundingController.swift */; };
		A2000000000000000000001C /* GroundingBoundingBoxTests.swift in Sources */ = {isa = PBXBuildFile; fileRef = A2000000000000000000004C /* GroundingBoundingBoxTests.swift */; };
		A2000000000000000000001D /* GroundingEndpointStore.swift in Sources */ = {isa = PBXBuildFile; fileRef = A2000000000000000000004D /* GroundingEndpointStore.swift */; };
		A2000000000000000000001E /* CallbackMenuItem.swift in Sources */ = {isa = PBXBuildFile; fileRef = A2000000000000000000004E /* CallbackMenuItem.swift */; };
		A2000000000000000000001F /* StatusBarController.swift in Sources */ = {isa = PBXBuildFile; fileRef = A2000000000000000000004F /* StatusBarController.swift */; };
		A20000000000000000000020 /* GroundingEndpointStoreTests.swift in Sources */ = {isa = PBXBuildFile; fileRef = A20000000000000000000050 /* GroundingEndpointStoreTests.swift */; };
		A30000000000000000000001 /* ScreenFrameMasker.swift in Sources */ = {isa = PBXBuildFile; fileRef = A20000000000000000000051 /* ScreenFrameMasker.swift */; };
		A30000000000000000000002 /* ScreenFrameMaskerTests.swift in Sources */ = {isa = PBXBuildFile; fileRef = A20000000000000000000052 /* ScreenFrameMaskerTests.swift */; };
		A40000000000000000000001 /* OverlayTheme.swift in Sources */ = {isa = PBXBuildFile; fileRef = A40000000000000000000003 /* OverlayTheme.swift */; };
		A40000000000000000000002 /* ContextIcon.png in Resources */ = {isa = PBXBuildFile; fileRef = A40000000000000000000004 /* ContextIcon.png */; };
		A50000000000000000000001 /* FocusMaskLayout.swift in Sources */ = {isa = PBXBuildFile; fileRef = A50000000000000000000011 /* FocusMaskLayout.swift */; };
		A50000000000000000000002 /* FocusMaskController.swift in Sources */ = {isa = PBXBuildFile; fileRef = A50000000000000000000012 /* FocusMaskController.swift */; };
		A50000000000000000000003 /* FocusMaskPanel.swift in Sources */ = {isa = PBXBuildFile; fileRef = A50000000000000000000013 /* FocusMaskPanel.swift */; };
		A50000000000000000000004 /* FocusMaskView.swift in Sources */ = {isa = PBXBuildFile; fileRef = A50000000000000000000014 /* FocusMaskView.swift */; };
		A50000000000000000000005 /* FocusExitView.swift in Sources */ = {isa = PBXBuildFile; fileRef = A50000000000000000000015 /* FocusExitView.swift */; };
		A50000000000000000000006 /* FocusMaskLayoutTests.swift in Sources */ = {isa = PBXBuildFile; fileRef = A50000000000000000000016 /* FocusMaskLayoutTests.swift */; };
		A50000000000000000000007 /* FocusMaskClickClassifier.swift in Sources */ = {isa = PBXBuildFile; fileRef = A50000000000000000000017 /* FocusMaskClickClassifier.swift */; };
		A50000000000000000000008 /* FocusMaskClickClassifierTests.swift in Sources */ = {isa = PBXBuildFile; fileRef = A50000000000000000000018 /* FocusMaskClickClassifierTests.swift */; };
		A60000000000000000000001 /* TutorialPlan.swift in Sources */ = {isa = PBXBuildFile; fileRef = A60000000000000000000011 /* TutorialPlan.swift */; };
		A60000000000000000000002 /* TutorialPlanAPIClient.swift in Sources */ = {isa = PBXBuildFile; fileRef = A60000000000000000000012 /* TutorialPlanAPIClient.swift */; };
		A60000000000000000000003 /* TutorialActionConsumer.swift in Sources */ = {isa = PBXBuildFile; fileRef = A60000000000000000000013 /* TutorialActionConsumer.swift */; };
		A60000000000000000000004 /* TutorialPlanTests.swift in Sources */ = {isa = PBXBuildFile; fileRef = A60000000000000000000014 /* TutorialPlanTests.swift */; };
		A60000000000000000000005 /* TutorialPlanDisplay.swift in Sources */ = {isa = PBXBuildFile; fileRef = A60000000000000000000015 /* TutorialPlanDisplay.swift */; };
		A60000000000000000000006 /* TutorialPlanDisplayTests.swift in Sources */ = {isa = PBXBuildFile; fileRef = A60000000000000000000016 /* TutorialPlanDisplayTests.swift */; };
		A70000000000000000000001 /* TutorialAPIEndpointStore.swift in Sources */ = {isa = PBXBuildFile; fileRef = A70000000000000000000011 /* TutorialAPIEndpointStore.swift */; };
		A70000000000000000000002 /* TutorialPlanController.swift in Sources */ = {isa = PBXBuildFile; fileRef = A70000000000000000000012 /* TutorialPlanController.swift */; };
		A70000000000000000000003 /* TutorialAPISettingsView.swift in Sources */ = {isa = PBXBuildFile; fileRef = A70000000000000000000013 /* TutorialAPISettingsView.swift */; };
		A70000000000000000000004 /* TutorialAPIEndpointStoreTests.swift in Sources */ = {isa = PBXBuildFile; fileRef = A70000000000000000000014 /* TutorialAPIEndpointStoreTests.swift */; };
		A70000000000000000000005 /* TutorialPlanAPIClientTests.swift in Sources */ = {isa = PBXBuildFile; fileRef = A70000000000000000000015 /* TutorialPlanAPIClientTests.swift */; };
		A70000000000000000000006 /* TutorialActionConsumerTests.swift in Sources */ = {isa = PBXBuildFile; fileRef = A70000000000000000000016 /* TutorialActionConsumerTests.swift */; };
		A80000000000000000000001 /* TutorialSessionAPIClient.swift in Sources */ = {isa = PBXBuildFile; fileRef = A80000000000000000000011 /* TutorialSessionAPIClient.swift */; };
		A80000000000000000000002 /* TutorialSessionController.swift in Sources */ = {isa = PBXBuildFile; fileRef = A80000000000000000000012 /* TutorialSessionController.swift */; };
		A80000000000000000000003 /* TutorialSessionAPIClientTests.swift in Sources */ = {isa = PBXBuildFile; fileRef = A80000000000000000000013 /* TutorialSessionAPIClientTests.swift */; };
		A90000000000000000000001 /* TutorialTooltipController.swift in Sources */ = {isa = PBXBuildFile; fileRef = A90000000000000000000011 /* TutorialTooltipController.swift */; };
		AA0000000000000000000001 /* ApplicationMenuController.swift in Sources */ = {isa = PBXBuildFile; fileRef = AA0000000000000000000011 /* ApplicationMenuController.swift */; };
		AB0000000000000000000001 /* MarkdownTextView.swift in Sources */ = {isa = PBXBuildFile; fileRef = AB0000000000000000000011 /* MarkdownTextView.swift */; };
		AB0000000000000000000002 /* Markdown in Frameworks */ = {isa = PBXBuildFile; productRef = AB0000000000000000000013 /* Markdown */; };
/* End PBXBuildFile section */

/* Begin PBXContainerItemProxy section */
		A10000000000000000000001 /* PBXContainerItemProxy */ = {
			isa = PBXContainerItemProxy;
			containerPortal = A10000000000000000000002 /* Project object */;
			proxyType = 1;
			remoteGlobalIDString = A10000000000000000000003;
			remoteInfo = ContextApp;
		};
/* End PBXContainerItemProxy section */

/* Begin PBXFileReference section */
		A10000000000000000000004 /* ContextApp.app */ = {isa = PBXFileReference; explicitFileType = wrapper.application; includeInIndex = 0; path = ContextApp.app; sourceTree = BUILT_PRODUCTS_DIR; };
		A10000000000000000000005 /* ContextAppTests.xctest */ = {isa = PBXFileReference; explicitFileType = wrapper.cfbundle; includeInIndex = 0; path = ContextAppTests.xctest; sourceTree = BUILT_PRODUCTS_DIR; };
		A10000000000000000000006 /* Info.plist */ = {isa = PBXFileReference; lastKnownFileType = text.plist.xml; path = Info.plist; sourceTree = "<group>"; };
		A10000000000000000000007 /* ContextApp.entitlements */ = {isa = PBXFileReference; lastKnownFileType = text.plist.entitlements; path = ContextApp.entitlements; sourceTree = "<group>"; };
		A20000000000000000000031 /* ContextAppApp.swift */ = {isa = PBXFileReference; lastKnownFileType = sourcecode.swift; path = ContextAppApp.swift; sourceTree = "<group>"; };
		A20000000000000000000032 /* AppDelegate.swift */ = {isa = PBXFileReference; lastKnownFileType = sourcecode.swift; path = AppDelegate.swift; sourceTree = "<group>"; };
		A20000000000000000000033 /* PopupState.swift */ = {isa = PBXFileReference; lastKnownFileType = sourcecode.swift; path = PopupState.swift; sourceTree = "<group>"; };
		A20000000000000000000034 /* ScreenBoundsKeeper.swift */ = {isa = PBXFileReference; lastKnownFileType = sourcecode.swift; path = ScreenBoundsKeeper.swift; sourceTree = "<group>"; };
		A20000000000000000000035 /* BboxPositionGenerator.swift */ = {isa = PBXFileReference; lastKnownFileType = sourcecode.swift; path = BboxPositionGenerator.swift; sourceTree = "<group>"; };
		A20000000000000000000036 /* DebugBboxState.swift */ = {isa = PBXFileReference; lastKnownFileType = sourcecode.swift; path = DebugBboxState.swift; sourceTree = "<group>"; };
		A20000000000000000000037 /* ChatMessageStore.swift */ = {isa = PBXFileReference; lastKnownFileType = sourcecode.swift; path = ChatMessageStore.swift; sourceTree = "<group>"; };
		A20000000000000000000038 /* OverlayCoordinator.swift */ = {isa = PBXFileReference; lastKnownFileType = sourcecode.swift; path = OverlayCoordinator.swift; sourceTree = "<group>"; };
		A20000000000000000000039 /* PopupController.swift */ = {isa = PBXFileReference; lastKnownFileType = sourcecode.swift; path = PopupController.swift; sourceTree = "<group>"; };
		A2000000000000000000003A /* IconMenuController.swift */ = {isa = PBXFileReference; lastKnownFileType = sourcecode.swift; path = IconMenuController.swift; sourceTree = "<group>"; };
		A2000000000000000000003B /* DebugBboxController.swift */ = {isa = PBXFileReference; lastKnownFileType = sourcecode.swift; path = DebugBboxController.swift; sourceTree = "<group>"; };
		A2000000000000000000003C /* PopupPanel.swift */ = {isa = PBXFileReference; lastKnownFileType = sourcecode.swift; path = PopupPanel.swift; sourceTree = "<group>"; };
		A2000000000000000000003D /* IconPanel.swift */ = {isa = PBXFileReference; lastKnownFileType = sourcecode.swift; path = IconPanel.swift; sourceTree = "<group>"; };
		A2000000000000000000003E /* DebugBboxPanel.swift */ = {isa = PBXFileReference; lastKnownFileType = sourcecode.swift; path = DebugBboxPanel.swift; sourceTree = "<group>"; };
		A2000000000000000000003F /* ChatPopupView.swift */ = {isa = PBXFileReference; lastKnownFileType = sourcecode.swift; path = ChatPopupView.swift; sourceTree = "<group>"; };
		A20000000000000000000040 /* IconView.swift */ = {isa = PBXFileReference; lastKnownFileType = sourcecode.swift; path = IconView.swift; sourceTree = "<group>"; };
		A20000000000000000000041 /* DebugBboxView.swift */ = {isa = PBXFileReference; lastKnownFileType = sourcecode.swift; path = DebugBboxView.swift; sourceTree = "<group>"; };
		A20000000000000000000042 /* IconContextMenu.swift */ = {isa = PBXFileReference; lastKnownFileType = sourcecode.swift; path = IconContextMenu.swift; sourceTree = "<group>"; };
		A20000000000000000000043 /* PopupStateTests.swift */ = {isa = PBXFileReference; lastKnownFileType = sourcecode.swift; path = PopupStateTests.swift; sourceTree = "<group>"; };
		A20000000000000000000044 /* ScreenBoundsKeeperTests.swift */ = {isa = PBXFileReference; lastKnownFileType = sourcecode.swift; path = ScreenBoundsKeeperTests.swift; sourceTree = "<group>"; };
		A20000000000000000000045 /* BboxPositionGeneratorTests.swift */ = {isa = PBXFileReference; lastKnownFileType = sourcecode.swift; path = BboxPositionGeneratorTests.swift; sourceTree = "<group>"; };
		A20000000000000000000046 /* DebugBboxStateTests.swift */ = {isa = PBXFileReference; lastKnownFileType = sourcecode.swift; path = DebugBboxStateTests.swift; sourceTree = "<group>"; };
		A20000000000000000000047 /* ChatMessageStoreTests.swift */ = {isa = PBXFileReference; lastKnownFileType = sourcecode.swift; path = ChatMessageStoreTests.swift; sourceTree = "<group>"; };
		A20000000000000000000048 /* GroundingBoundingBox.swift */ = {isa = PBXFileReference; lastKnownFileType = sourcecode.swift; path = GroundingBoundingBox.swift; sourceTree = "<group>"; };
		A20000000000000000000049 /* GroundingClient.swift */ = {isa = PBXFileReference; lastKnownFileType = sourcecode.swift; path = GroundingClient.swift; sourceTree = "<group>"; };
		A2000000000000000000004A /* ScreenFrameCapture.swift */ = {isa = PBXFileReference; lastKnownFileType = sourcecode.swift; path = ScreenFrameCapture.swift; sourceTree = "<group>"; };
		AC0000000000000000000011 /* ScreenStabilityWatcher.swift */ = {isa = PBXFileReference; lastKnownFileType = sourcecode.swift; path = ScreenStabilityWatcher.swift; sourceTree = "<group>"; };
		AC0000000000000000000012 /* StabilityIndicatorController.swift */ = {isa = PBXFileReference; lastKnownFileType = sourcecode.swift; path = StabilityIndicatorController.swift; sourceTree = "<group>"; };
		A2000000000000000000004B /* ScreenGroundingController.swift */ = {isa = PBXFileReference; lastKnownFileType = sourcecode.swift; path = ScreenGroundingController.swift; sourceTree = "<group>"; };
		A2000000000000000000004C /* GroundingBoundingBoxTests.swift */ = {isa = PBXFileReference; lastKnownFileType = sourcecode.swift; path = GroundingBoundingBoxTests.swift; sourceTree = "<group>"; };
		A2000000000000000000004D /* GroundingEndpointStore.swift */ = {isa = PBXFileReference; lastKnownFileType = sourcecode.swift; path = GroundingEndpointStore.swift; sourceTree = "<group>"; };
		A2000000000000000000004E /* CallbackMenuItem.swift */ = {isa = PBXFileReference; lastKnownFileType = sourcecode.swift; path = CallbackMenuItem.swift; sourceTree = "<group>"; };
		A2000000000000000000004F /* StatusBarController.swift */ = {isa = PBXFileReference; lastKnownFileType = sourcecode.swift; path = StatusBarController.swift; sourceTree = "<group>"; };
		A20000000000000000000050 /* GroundingEndpointStoreTests.swift */ = {isa = PBXFileReference; lastKnownFileType = sourcecode.swift; path = GroundingEndpointStoreTests.swift; sourceTree = "<group>"; };
		A20000000000000000000051 /* ScreenFrameMasker.swift */ = {isa = PBXFileReference; lastKnownFileType = sourcecode.swift; path = ScreenFrameMasker.swift; sourceTree = "<group>"; };
		A20000000000000000000052 /* ScreenFrameMaskerTests.swift */ = {isa = PBXFileReference; lastKnownFileType = sourcecode.swift; path = ScreenFrameMaskerTests.swift; sourceTree = "<group>"; };
		A40000000000000000000003 /* OverlayTheme.swift */ = {isa = PBXFileReference; lastKnownFileType = sourcecode.swift; path = OverlayTheme.swift; sourceTree = "<group>"; };
		A40000000000000000000004 /* ContextIcon.png */ = {isa = PBXFileReference; lastKnownFileType = image.png; path = ContextIcon.png; sourceTree = "<group>"; };
		A50000000000000000000011 /* FocusMaskLayout.swift */ = {isa = PBXFileReference; lastKnownFileType = sourcecode.swift; path = FocusMaskLayout.swift; sourceTree = "<group>"; };
		A50000000000000000000012 /* FocusMaskController.swift */ = {isa = PBXFileReference; lastKnownFileType = sourcecode.swift; path = FocusMaskController.swift; sourceTree = "<group>"; };
		A50000000000000000000013 /* FocusMaskPanel.swift */ = {isa = PBXFileReference; lastKnownFileType = sourcecode.swift; path = FocusMaskPanel.swift; sourceTree = "<group>"; };
		A50000000000000000000014 /* FocusMaskView.swift */ = {isa = PBXFileReference; lastKnownFileType = sourcecode.swift; path = FocusMaskView.swift; sourceTree = "<group>"; };
		A50000000000000000000015 /* FocusExitView.swift */ = {isa = PBXFileReference; lastKnownFileType = sourcecode.swift; path = FocusExitView.swift; sourceTree = "<group>"; };
		A50000000000000000000016 /* FocusMaskLayoutTests.swift */ = {isa = PBXFileReference; lastKnownFileType = sourcecode.swift; path = FocusMaskLayoutTests.swift; sourceTree = "<group>"; };
		A50000000000000000000017 /* FocusMaskClickClassifier.swift */ = {isa = PBXFileReference; lastKnownFileType = sourcecode.swift; path = FocusMaskClickClassifier.swift; sourceTree = "<group>"; };
		A50000000000000000000018 /* FocusMaskClickClassifierTests.swift */ = {isa = PBXFileReference; lastKnownFileType = sourcecode.swift; path = FocusMaskClickClassifierTests.swift; sourceTree = "<group>"; };
		A60000000000000000000011 /* TutorialPlan.swift */ = {isa = PBXFileReference; lastKnownFileType = sourcecode.swift; path = TutorialPlan.swift; sourceTree = "<group>"; };
		A60000000000000000000012 /* TutorialPlanAPIClient.swift */ = {isa = PBXFileReference; lastKnownFileType = sourcecode.swift; path = TutorialPlanAPIClient.swift; sourceTree = "<group>"; };
		A60000000000000000000013 /* TutorialActionConsumer.swift */ = {isa = PBXFileReference; lastKnownFileType = sourcecode.swift; path = TutorialActionConsumer.swift; sourceTree = "<group>"; };
		A60000000000000000000014 /* TutorialPlanTests.swift */ = {isa = PBXFileReference; lastKnownFileType = sourcecode.swift; path = TutorialPlanTests.swift; sourceTree = "<group>"; };
		A60000000000000000000015 /* TutorialPlanDisplay.swift */ = {isa = PBXFileReference; lastKnownFileType = sourcecode.swift; path = TutorialPlanDisplay.swift; sourceTree = "<group>"; };
		A60000000000000000000016 /* TutorialPlanDisplayTests.swift */ = {isa = PBXFileReference; lastKnownFileType = sourcecode.swift; path = TutorialPlanDisplayTests.swift; sourceTree = "<group>"; };
		A70000000000000000000011 /* TutorialAPIEndpointStore.swift */ = {isa = PBXFileReference; lastKnownFileType = sourcecode.swift; path = TutorialAPIEndpointStore.swift; sourceTree = "<group>"; };
		A70000000000000000000012 /* TutorialPlanController.swift */ = {isa = PBXFileReference; lastKnownFileType = sourcecode.swift; path = TutorialPlanController.swift; sourceTree = "<group>"; };
		A70000000000000000000013 /* TutorialAPISettingsView.swift */ = {isa = PBXFileReference; lastKnownFileType = sourcecode.swift; path = TutorialAPISettingsView.swift; sourceTree = "<group>"; };
		A70000000000000000000014 /* TutorialAPIEndpointStoreTests.swift */ = {isa = PBXFileReference; lastKnownFileType = sourcecode.swift; path = TutorialAPIEndpointStoreTests.swift; sourceTree = "<group>"; };
		A70000000000000000000015 /* TutorialPlanAPIClientTests.swift */ = {isa = PBXFileReference; lastKnownFileType = sourcecode.swift; path = TutorialPlanAPIClientTests.swift; sourceTree = "<group>"; };
		A70000000000000000000016 /* TutorialActionConsumerTests.swift */ = {isa = PBXFileReference; lastKnownFileType = sourcecode.swift; path = TutorialActionConsumerTests.swift; sourceTree = "<group>"; };
		A80000000000000000000011 /* TutorialSessionAPIClient.swift */ = {isa = PBXFileReference; lastKnownFileType = sourcecode.swift; path = TutorialSessionAPIClient.swift; sourceTree = "<group>"; };
		A80000000000000000000012 /* TutorialSessionController.swift */ = {isa = PBXFileReference; lastKnownFileType = sourcecode.swift; path = TutorialSessionController.swift; sourceTree = "<group>"; };
		A80000000000000000000013 /* TutorialSessionAPIClientTests.swift */ = {isa = PBXFileReference; lastKnownFileType = sourcecode.swift; path = TutorialSessionAPIClientTests.swift; sourceTree = "<group>"; };
		A90000000000000000000011 /* TutorialTooltipController.swift */ = {isa = PBXFileReference; lastKnownFileType = sourcecode.swift; path = TutorialTooltipController.swift; sourceTree = "<group>"; };
		AA0000000000000000000011 /* ApplicationMenuController.swift */ = {isa = PBXFileReference; lastKnownFileType = sourcecode.swift; path = ApplicationMenuController.swift; sourceTree = "<group>"; };
		AB0000000000000000000011 /* MarkdownTextView.swift */ = {isa = PBXFileReference; lastKnownFileType = sourcecode.swift; path = MarkdownTextView.swift; sourceTree = "<group>"; };
/* End PBXFileReference section */

/* Begin PBXFrameworksBuildPhase section */
		A10000000000000000000008 /* Frameworks */ = {
			isa = PBXFrameworksBuildPhase;
			buildActionMask = 2147483647;
			files = (
				AB0000000000000000000002 /* Markdown in Frameworks */,
			);
			runOnlyForDeploymentPostprocessing = 0;
		};
		A10000000000000000000009 /* Frameworks */ = {
			isa = PBXFrameworksBuildPhase;
			buildActionMask = 2147483647;
			files = (
			);
			runOnlyForDeploymentPostprocessing = 0;
		};
/* End PBXFrameworksBuildPhase section */

/* Begin PBXGroup section */
		A1000000000000000000000A = {
			isa = PBXGroup;
			children = (
				A1000000000000000000000B /* ContextApp */,
				A1000000000000000000000C /* ContextAppTests */,
				A1000000000000000000000D /* Products */,
			);
			sourceTree = "<group>";
		};
		A1000000000000000000000B /* ContextApp */ = {
			isa = PBXGroup;
			children = (
				A1000000000000000000000E /* App */,
				A1000000000000000000000F /* Domain */,
				A10000000000000000000010 /* Application */,
				A10000000000000000000011 /* Presentation */,
				A10000000000000000000012 /* Resources */,
			);
			path = ContextApp;
			sourceTree = "<group>";
		};
		A1000000000000000000000C /* ContextAppTests */ = {
			isa = PBXGroup;
			children = (
				A20000000000000000000043 /* PopupStateTests.swift */,
				A20000000000000000000044 /* ScreenBoundsKeeperTests.swift */,
				A20000000000000000000045 /* BboxPositionGeneratorTests.swift */,
				A20000000000000000000046 /* DebugBboxStateTests.swift */,
				A20000000000000000000047 /* ChatMessageStoreTests.swift */,
				A2000000000000000000004C /* GroundingBoundingBoxTests.swift */,
				A20000000000000000000050 /* GroundingEndpointStoreTests.swift */,
				A20000000000000000000052 /* ScreenFrameMaskerTests.swift */,
				A50000000000000000000016 /* FocusMaskLayoutTests.swift */,
				A50000000000000000000018 /* FocusMaskClickClassifierTests.swift */,
				A60000000000000000000014 /* TutorialPlanTests.swift */,
				A60000000000000000000016 /* TutorialPlanDisplayTests.swift */,
				A70000000000000000000014 /* TutorialAPIEndpointStoreTests.swift */,
				A70000000000000000000015 /* TutorialPlanAPIClientTests.swift */,
				A70000000000000000000016 /* TutorialActionConsumerTests.swift */,
				A80000000000000000000013 /* TutorialSessionAPIClientTests.swift */,
			);
			path = ContextAppTests;
			sourceTree = "<group>";
		};
		A1000000000000000000000D /* Products */ = {
			isa = PBXGroup;
			children = (
				A10000000000000000000004 /* ContextApp.app */,
				A10000000000000000000005 /* ContextAppTests.xctest */,
			);
			name = Products;
			sourceTree = "<group>";
		};
		A1000000000000000000000E /* App */ = {
			isa = PBXGroup;
			children = (
				A20000000000000000000031 /* ContextAppApp.swift */,
				A20000000000000000000032 /* AppDelegate.swift */,
			);
			path = App;
			sourceTree = "<group>";
		};
		A1000000000000000000000F /* Domain */ = {
			isa = PBXGroup;
			children = (
				A20000000000000000000033 /* PopupState.swift */,
				A20000000000000000000034 /* ScreenBoundsKeeper.swift */,
				A20000000000000000000035 /* BboxPositionGenerator.swift */,
				A20000000000000000000036 /* DebugBboxState.swift */,
				A20000000000000000000037 /* ChatMessageStore.swift */,
				A20000000000000000000048 /* GroundingBoundingBox.swift */,
				A2000000000000000000004D /* GroundingEndpointStore.swift */,
				A50000000000000000000011 /* FocusMaskLayout.swift */,
				A50000000000000000000017 /* FocusMaskClickClassifier.swift */,
				A60000000000000000000011 /* TutorialPlan.swift */,
				A60000000000000000000015 /* TutorialPlanDisplay.swift */,
				A70000000000000000000011 /* TutorialAPIEndpointStore.swift */,
			);
			path = Domain;
			sourceTree = "<group>";
		};
		A10000000000000000000010 /* Application */ = {
			isa = PBXGroup;
			children = (
				A20000000000000000000038 /* OverlayCoordinator.swift */,
				AA0000000000000000000011 /* ApplicationMenuController.swift */,
				A20000000000000000000039 /* PopupController.swift */,
				A2000000000000000000003A /* IconMenuController.swift */,
				A2000000000000000000003B /* DebugBboxController.swift */,
				A20000000000000000000049 /* GroundingClient.swift */,
				A2000000000000000000004A /* ScreenFrameCapture.swift */,
				AC0000000000000000000011 /* ScreenStabilityWatcher.swift */,
				AC0000000000000000000012 /* StabilityIndicatorController.swift */,
				A20000000000000000000051 /* ScreenFrameMasker.swift */,
				A2000000000000000000004B /* ScreenGroundingController.swift */,
				A2000000000000000000004F /* StatusBarController.swift */,
				A50000000000000000000012 /* FocusMaskController.swift */,
				A60000000000000000000012 /* TutorialPlanAPIClient.swift */,
				A80000000000000000000011 /* TutorialSessionAPIClient.swift */,
				A60000000000000000000013 /* TutorialActionConsumer.swift */,
				A70000000000000000000012 /* TutorialPlanController.swift */,
				A80000000000000000000012 /* TutorialSessionController.swift */,
				A90000000000000000000011 /* TutorialTooltipController.swift */,
			);
			path = Application;
			sourceTree = "<group>";
		};
		A10000000000000000000011 /* Presentation */ = {
			isa = PBXGroup;
			children = (
				A40000000000000000000005 /* Design */,
				A20000000000000000000021 /* Panels */,
				A20000000000000000000022 /* Views */,
				A20000000000000000000023 /* Menu */,
			);
			path = Presentation;
			sourceTree = "<group>";
		};
		A10000000000000000000012 /* Resources */ = {
			isa = PBXGroup;
			children = (
				A10000000000000000000006 /* Info.plist */,
				A10000000000000000000007 /* ContextApp.entitlements */,
				A40000000000000000000004 /* ContextIcon.png */,
			);
			path = Resources;
			sourceTree = "<group>";
		};
		A40000000000000000000005 /* Design */ = {
			isa = PBXGroup;
			children = (
				A40000000000000000000003 /* OverlayTheme.swift */,
			);
			path = Design;
			sourceTree = "<group>";
		};
		A20000000000000000000021 /* Panels */ = {
			isa = PBXGroup;
			children = (
				A2000000000000000000003C /* PopupPanel.swift */,
				A2000000000000000000003D /* IconPanel.swift */,
				A2000000000000000000003E /* DebugBboxPanel.swift */,
				A50000000000000000000013 /* FocusMaskPanel.swift */,
			);
			path = Panels;
			sourceTree = "<group>";
		};
		A20000000000000000000022 /* Views */ = {
			isa = PBXGroup;
			children = (
				A2000000000000000000003F /* ChatPopupView.swift */,
				A20000000000000000000040 /* IconView.swift */,
				A20000000000000000000041 /* DebugBboxView.swift */,
				A50000000000000000000014 /* FocusMaskView.swift */,
				A50000000000000000000015 /* FocusExitView.swift */,
				A70000000000000000000013 /* TutorialAPISettingsView.swift */,
				AB0000000000000000000011 /* MarkdownTextView.swift */,
			);
			path = Views;
			sourceTree = "<group>";
		};
		A20000000000000000000023 /* Menu */ = {
			isa = PBXGroup;
			children = (
				A20000000000000000000042 /* IconContextMenu.swift */,
				A2000000000000000000004E /* CallbackMenuItem.swift */,
			);
			path = Menu;
			sourceTree = "<group>";
		};
/* End PBXGroup section */

/* Begin PBXNativeTarget section */
		A10000000000000000000003 /* ContextApp */ = {
			isa = PBXNativeTarget;
			buildConfigurationList = A10000000000000000000013 /* Build configuration list for PBXNativeTarget "ContextApp" */;
			buildPhases = (
				A10000000000000000000014 /* Sources */,
				A10000000000000000000008 /* Frameworks */,
				A10000000000000000000015 /* Resources */,
			);
			buildRules = (
			);
			dependencies = (
			);
			name = ContextApp;
			packageProductDependencies = (
				AB0000000000000000000013 /* Markdown */,
			);
			productName = ContextApp;
			productReference = A10000000000000000000004 /* ContextApp.app */;
			productType = "com.apple.product-type.application";
		};
		A10000000000000000000016 /* ContextAppTests */ = {
			isa = PBXNativeTarget;
			buildConfigurationList = A10000000000000000000017 /* Build configuration list for PBXNativeTarget "ContextAppTests" */;
			buildPhases = (
				A10000000000000000000018 /* Sources */,
				A10000000000000000000009 /* Frameworks */,
				A10000000000000000000019 /* Resources */,
			);
			buildRules = (
			);
			dependencies = (
				A1000000000000000000001A /* PBXTargetDependency */,
			);
			name = ContextAppTests;
			productName = ContextAppTests;
			productReference = A10000000000000000000005 /* ContextAppTests.xctest */;
			productType = "com.apple.product-type.bundle.unit-test";
		};
/* End PBXNativeTarget section */

/* Begin PBXProject section */
		A10000000000000000000002 /* Project object */ = {
			isa = PBXProject;
			attributes = {
				BuildIndependentTargetsInParallel = 1;
				LastSwiftUpdateCheck = 1500;
				LastUpgradeCheck = 1500;
				TargetAttributes = {
					A10000000000000000000003 = {
						CreatedOnToolsVersion = 15.0;
					};
					A10000000000000000000016 = {
						CreatedOnToolsVersion = 15.0;
						TestTargetID = A10000000000000000000003;
					};
				};
			};
			buildConfigurationList = A1000000000000000000001B /* Build configuration list for PBXProject "ContextApp" */;
			compatibilityVersion = "Xcode 14.0";
			developmentRegion = en;
			hasScannedForEncodings = 0;
			knownRegions = (
				en,
				Base,
			);
			mainGroup = A1000000000000000000000A;
			packageReferences = (
				AB0000000000000000000012 /* XCRemoteSwiftPackageReference "swift-markdown" */,
			);
			productRefGroup = A1000000000000000000000D /* Products */;
			projectDirPath = "";
			projectRoot = "";
			targets = (
				A10000000000000000000003 /* ContextApp */,
				A10000000000000000000016 /* ContextAppTests */,
			);
		};
/* End PBXProject section */

/* Begin PBXResourcesBuildPhase section */
		A10000000000000000000015 /* Resources */ = {
			isa = PBXResourcesBuildPhase;
			buildActionMask = 2147483647;
			files = (
				A40000000000000000000002 /* ContextIcon.png in Resources */,
			);
			runOnlyForDeploymentPostprocessing = 0;
		};
		A10000000000000000000019 /* Resources */ = {
			isa = PBXResourcesBuildPhase;
			buildActionMask = 2147483647;
			files = (
			);
			runOnlyForDeploymentPostprocessing = 0;
		};
/* End PBXResourcesBuildPhase section */

/* Begin PBXSourcesBuildPhase section */
		A10000000000000000000014 /* Sources */ = {
			isa = PBXSourcesBuildPhase;
			buildActionMask = 2147483647;
			files = (
				A20000000000000000000001 /* ContextAppApp.swift in Sources */,
				A20000000000000000000002 /* AppDelegate.swift in Sources */,
				A20000000000000000000003 /* PopupState.swift in Sources */,
				A20000000000000000000004 /* ScreenBoundsKeeper.swift in Sources */,
				A20000000000000000000005 /* BboxPositionGenerator.swift in Sources */,
				A20000000000000000000006 /* DebugBboxState.swift in Sources */,
				A20000000000000000000007 /* ChatMessageStore.swift in Sources */,
				A20000000000000000000008 /* OverlayCoordinator.swift in Sources */,
				A20000000000000000000009 /* PopupController.swift in Sources */,
				A2000000000000000000000A /* IconMenuController.swift in Sources */,
				A2000000000000000000000B /* DebugBboxController.swift in Sources */,
				A2000000000000000000000C /* PopupPanel.swift in Sources */,
				A2000000000000000000000D /* IconPanel.swift in Sources */,
				A2000000000000000000000E /* DebugBboxPanel.swift in Sources */,
				A2000000000000000000000F /* ChatPopupView.swift in Sources */,
				A20000000000000000000010 /* IconView.swift in Sources */,
				A20000000000000000000011 /* DebugBboxView.swift in Sources */,
				A20000000000000000000012 /* IconContextMenu.swift in Sources */,
				A40000000000000000000001 /* OverlayTheme.swift in Sources */,
				A20000000000000000000018 /* GroundingBoundingBox.swift in Sources */,
				A20000000000000000000019 /* GroundingClient.swift in Sources */,
				A2000000000000000000001A /* ScreenFrameCapture.swift in Sources */,
				AC0000000000000000000001 /* ScreenStabilityWatcher.swift in Sources */,
				AC0000000000000000000002 /* StabilityIndicatorController.swift in Sources */,
				A30000000000000000000001 /* ScreenFrameMasker.swift in Sources */,
				A2000000000000000000001B /* ScreenGroundingController.swift in Sources */,
				A2000000000000000000001D /* GroundingEndpointStore.swift in Sources */,
				A2000000000000000000001E /* CallbackMenuItem.swift in Sources */,
				A2000000000000000000001F /* StatusBarController.swift in Sources */,
				A50000000000000000000001 /* FocusMaskLayout.swift in Sources */,
				A50000000000000000000007 /* FocusMaskClickClassifier.swift in Sources */,
				A50000000000000000000002 /* FocusMaskController.swift in Sources */,
				A50000000000000000000003 /* FocusMaskPanel.swift in Sources */,
				A50000000000000000000004 /* FocusMaskView.swift in Sources */,
				A50000000000000000000005 /* FocusExitView.swift in Sources */,
				A60000000000000000000001 /* TutorialPlan.swift in Sources */,
				A60000000000000000000005 /* TutorialPlanDisplay.swift in Sources */,
				A60000000000000000000002 /* TutorialPlanAPIClient.swift in Sources */,
				A80000000000000000000001 /* TutorialSessionAPIClient.swift in Sources */,
				A60000000000000000000003 /* TutorialActionConsumer.swift in Sources */,
				A70000000000000000000001 /* TutorialAPIEndpointStore.swift in Sources */,
				A70000000000000000000002 /* TutorialPlanController.swift in Sources */,
				A80000000000000000000002 /* TutorialSessionController.swift in Sources */,
				A90000000000000000000001 /* TutorialTooltipController.swift in Sources */,
				A70000000000000000000003 /* TutorialAPISettingsView.swift in Sources */,
				AA0000000000000000000001 /* ApplicationMenuController.swift in Sources */,
				AB0000000000000000000001 /* MarkdownTextView.swift in Sources */,
			);
			runOnlyForDeploymentPostprocessing = 0;
		};
		A10000000000000000000018 /* Sources */ = {
			isa = PBXSourcesBuildPhase;
			buildActionMask = 2147483647;
			files = (
				A20000000000000000000013 /* PopupStateTests.swift in Sources */,
				A20000000000000000000014 /* ScreenBoundsKeeperTests.swift in Sources */,
				A20000000000000000000015 /* BboxPositionGeneratorTests.swift in Sources */,
				A20000000000000000000016 /* DebugBboxStateTests.swift in Sources */,
				A20000000000000000000017 /* ChatMessageStoreTests.swift in Sources */,
				A2000000000000000000001C /* GroundingBoundingBoxTests.swift in Sources */,
				A20000000000000000000020 /* GroundingEndpointStoreTests.swift in Sources */,
				A30000000000000000000002 /* ScreenFrameMaskerTests.swift in Sources */,
				A50000000000000000000006 /* FocusMaskLayoutTests.swift in Sources */,
				A50000000000000000000008 /* FocusMaskClickClassifierTests.swift in Sources */,
				A60000000000000000000004 /* TutorialPlanTests.swift in Sources */,
				A60000000000000000000006 /* TutorialPlanDisplayTests.swift in Sources */,
				A70000000000000000000004 /* TutorialAPIEndpointStoreTests.swift in Sources */,
				A70000000000000000000005 /* TutorialPlanAPIClientTests.swift in Sources */,
				A70000000000000000000006 /* TutorialActionConsumerTests.swift in Sources */,
				A80000000000000000000003 /* TutorialSessionAPIClientTests.swift in Sources */,
			);
			runOnlyForDeploymentPostprocessing = 0;
		};
/* End PBXSourcesBuildPhase section */

/* Begin PBXTargetDependency section */
		A1000000000000000000001A /* PBXTargetDependency */ = {
			isa = PBXTargetDependency;
			target = A10000000000000000000003 /* ContextApp */;
			targetProxy = A10000000000000000000001 /* PBXContainerItemProxy */;
		};
/* End PBXTargetDependency section */

/* Begin XCBuildConfiguration section */
		A1000000000000000000001C /* Debug */ = {
			isa = XCBuildConfiguration;
			buildSettings = {
				ALWAYS_SEARCH_USER_PATHS = NO;
				CLANG_ANALYZER_NONNULL = YES;
				CLANG_ANALYZER_NUMBER_OBJECT_CONVERSION = YES_AGGRESSIVE;
				CLANG_CXX_LANGUAGE_STANDARD = "gnu++20";
				CLANG_ENABLE_MODULES = YES;
				CLANG_ENABLE_OBJC_ARC = YES;
				CLANG_ENABLE_OBJC_WEAK = YES;
				CLANG_WARN_BLOCK_CAPTURE_AUTORELEASING = YES;
				CLANG_WARN_BOOL_CONVERSION = YES;
				CLANG_WARN_COMMA = YES;
				CLANG_WARN_CONSTANT_CONVERSION = YES;
				CLANG_WARN_DEPRECATED_OBJC_IMPLEMENTATIONS = YES;
				CLANG_WARN_DIRECT_OBJC_ISA_USAGE = YES_ERROR;
				CLANG_WARN_DOCUMENTATION_COMMENTS = YES;
				CLANG_WARN_EMPTY_BODY = YES;
				CLANG_WARN_ENUM_CONVERSION = YES;
				CLANG_WARN_INFINITE_RECURSION = YES;
				CLANG_WARN_INT_CONVERSION = YES;
				CLANG_WARN_NON_LITERAL_NULL_CONVERSION = YES;
				CLANG_WARN_OBJC_IMPLICIT_RETAIN_SELF = YES;
				CLANG_WARN_OBJC_LITERAL_CONVERSION = YES;
				CLANG_WARN_OBJC_ROOT_CLASS = YES_ERROR;
				CLANG_WARN_QUOTED_INCLUDE_IN_FRAMEWORK_HEADER = YES;
				CLANG_WARN_RANGE_LOOP_ANALYSIS = YES;
				CLANG_WARN_STRICT_PROTOTYPES = YES;
				CLANG_WARN_SUSPICIOUS_MOVE = YES;
				CLANG_WARN_UNGUARDED_AVAILABILITY = YES_AGGRESSIVE;
				CLANG_WARN_UNREACHABLE_CODE = YES;
				CLANG_WARN__DUPLICATE_METHOD_MATCH = YES;
				COPY_PHASE_STRIP = NO;
				DEBUG_INFORMATION_FORMAT = dwarf;
				ENABLE_STRICT_OBJC_MSGSEND = YES;
				ENABLE_TESTABILITY = YES;
				ENABLE_USER_SCRIPT_SANDBOXING = YES;
				GCC_C_LANGUAGE_STANDARD = gnu17;
				GCC_DYNAMIC_NO_PIC = NO;
				GCC_NO_COMMON_BLOCKS = YES;
				GCC_OPTIMIZATION_LEVEL = 0;
				GCC_PREPROCESSOR_DEFINITIONS = (
					"DEBUG=1",
					"$(inherited)",
				);
				GCC_WARN_64_TO_32_BIT_CONVERSION = YES;
				GCC_WARN_ABOUT_RETURN_TYPE = YES_ERROR;
				GCC_WARN_UNDECLARED_SELECTOR = YES;
				GCC_WARN_UNINITIALIZED_AUTOS = YES_AGGRESSIVE;
				GCC_WARN_UNUSED_FUNCTION = YES;
				GCC_WARN_UNUSED_VARIABLE = YES;
				MACOSX_DEPLOYMENT_TARGET = 13.0;
				MTL_ENABLE_DEBUG_INFO = INCLUDE_SOURCE;
				MTL_FAST_MATH = YES;
				ONLY_ACTIVE_ARCH = YES;
				SDKROOT = macosx;
				SWIFT_ACTIVE_COMPILATION_CONDITIONS = DEBUG;
				SWIFT_OPTIMIZATION_LEVEL = "-Onone";
				SWIFT_VERSION = 5.9;
			};
			name = Debug;
		};
		A1000000000000000000001D /* Release */ = {
			isa = XCBuildConfiguration;
			buildSettings = {
				ALWAYS_SEARCH_USER_PATHS = NO;
				CLANG_ANALYZER_NONNULL = YES;
				CLANG_ANALYZER_NUMBER_OBJECT_CONVERSION = YES_AGGRESSIVE;
				CLANG_CXX_LANGUAGE_STANDARD = "gnu++20";
				CLANG_ENABLE_MODULES = YES;
				CLANG_ENABLE_OBJC_ARC = YES;
				CLANG_ENABLE_OBJC_WEAK = YES;
				CLANG_WARN_BLOCK_CAPTURE_AUTORELEASING = YES;
				CLANG_WARN_BOOL_CONVERSION = YES;
				CLANG_WARN_COMMA = YES;
				CLANG_WARN_CONSTANT_CONVERSION = YES;
				CLANG_WARN_DEPRECATED_OBJC_IMPLEMENTATIONS = YES;
				CLANG_WARN_DIRECT_OBJC_ISA_USAGE = YES_ERROR;
				CLANG_WARN_DOCUMENTATION_COMMENTS = YES;
				CLANG_WARN_EMPTY_BODY = YES;
				CLANG_WARN_ENUM_CONVERSION = YES;
				CLANG_WARN_INFINITE_RECURSION = YES;
				CLANG_WARN_INT_CONVERSION = YES;
				CLANG_WARN_NON_LITERAL_NULL_CONVERSION = YES;
				CLANG_WARN_OBJC_IMPLICIT_RETAIN_SELF = YES;
				CLANG_WARN_OBJC_LITERAL_CONVERSION = YES;
				CLANG_WARN_OBJC_ROOT_CLASS = YES_ERROR;
				CLANG_WARN_QUOTED_INCLUDE_IN_FRAMEWORK_HEADER = YES;
				CLANG_WARN_RANGE_LOOP_ANALYSIS = YES;
				CLANG_WARN_STRICT_PROTOTYPES = YES;
				CLANG_WARN_SUSPICIOUS_MOVE = YES;
				CLANG_WARN_UNGUARDED_AVAILABILITY = YES_AGGRESSIVE;
				CLANG_WARN_UNREACHABLE_CODE = YES;
				CLANG_WARN__DUPLICATE_METHOD_MATCH = YES;
				COPY_PHASE_STRIP = NO;
				DEBUG_INFORMATION_FORMAT = "dwarf-with-dsym";
				ENABLE_NS_ASSERTIONS = NO;
				ENABLE_STRICT_OBJC_MSGSEND = YES;
				ENABLE_USER_SCRIPT_SANDBOXING = YES;
				GCC_C_LANGUAGE_STANDARD = gnu17;
				GCC_NO_COMMON_BLOCKS = YES;
				GCC_WARN_64_TO_32_BIT_CONVERSION = YES;
				GCC_WARN_ABOUT_RETURN_TYPE = YES_ERROR;
				GCC_WARN_UNDECLARED_SELECTOR = YES;
				GCC_WARN_UNINITIALIZED_AUTOS = YES_AGGRESSIVE;
				GCC_WARN_UNUSED_FUNCTION = YES;
				GCC_WARN_UNUSED_VARIABLE = YES;
				MACOSX_DEPLOYMENT_TARGET = 13.0;
				MTL_ENABLE_DEBUG_INFO = NO;
				MTL_FAST_MATH = YES;
				SDKROOT = macosx;
				SWIFT_COMPILATION_MODE = wholemodule;
				SWIFT_OPTIMIZATION_LEVEL = "-O";
				SWIFT_VERSION = 5.9;
			};
			name = Release;
		};
		A1000000000000000000001E /* Debug */ = {
			isa = XCBuildConfiguration;
			buildSettings = {
				CODE_SIGN_ENTITLEMENTS = ContextApp/Resources/ContextApp.entitlements;
				CODE_SIGN_IDENTITY = "Apple Development";
				CODE_SIGN_STYLE = Automatic;
				COMBINE_HIDPI_IMAGES = YES;
				CURRENT_PROJECT_VERSION = 1;
				DEVELOPMENT_TEAM = JLFN9SLALB;
				ENABLE_APP_SANDBOX = YES;
				ENABLE_DEBUG_DYLIB = YES;
				GENERATE_INFOPLIST_FILE = NO;
				INFOPLIST_FILE = ContextApp/Resources/Info.plist;
				LD_RUNPATH_SEARCH_PATHS = (
					"$(inherited)",
					"@executable_path/../Frameworks",
				);
				MACOSX_DEPLOYMENT_TARGET = 13.0;
				MARKETING_VERSION = 0.1.0;
				PRODUCT_BUNDLE_IDENTIFIER = com.contextapp.overlay;
				PRODUCT_NAME = "$(TARGET_NAME)";
				SDKROOT = macosx;
				SUPPORTED_PLATFORMS = macosx;
				SWIFT_VERSION = 5.9;
			};
			name = Debug;
		};
		A1000000000000000000001F /* Release */ = {
			isa = XCBuildConfiguration;
			buildSettings = {
				CODE_SIGN_ENTITLEMENTS = ContextApp/Resources/ContextApp.entitlements;
				CODE_SIGN_IDENTITY = "Apple Development";
				CODE_SIGN_STYLE = Automatic;
				COMBINE_HIDPI_IMAGES = YES;
				CURRENT_PROJECT_VERSION = 1;
				DEVELOPMENT_TEAM = JLFN9SLALB;
				ENABLE_APP_SANDBOX = YES;
				ENABLE_DEBUG_DYLIB = NO;
				GENERATE_INFOPLIST_FILE = NO;
				INFOPLIST_FILE = ContextApp/Resources/Info.plist;
				LD_RUNPATH_SEARCH_PATHS = (
					"$(inherited)",
					"@executable_path/../Frameworks",
				);
				MACOSX_DEPLOYMENT_TARGET = 13.0;
				MARKETING_VERSION = 0.1.0;
				PRODUCT_BUNDLE_IDENTIFIER = com.contextapp.overlay;
				PRODUCT_NAME = "$(TARGET_NAME)";
				SDKROOT = macosx;
				SUPPORTED_PLATFORMS = macosx;
				SWIFT_VERSION = 5.9;
			};
			name = Release;
		};
		A10000000000000000000020 /* Debug */ = {
			isa = XCBuildConfiguration;
			buildSettings = {
				BUNDLE_LOADER = "$(TEST_HOST)";
				CODE_SIGN_STYLE = Automatic;
				CURRENT_PROJECT_VERSION = 1;
				GENERATE_INFOPLIST_FILE = YES;
				LD_RUNPATH_SEARCH_PATHS = (
					"$(inherited)",
					"@executable_path/../Frameworks",
					"@loader_path/../Frameworks",
				);
				MACOSX_DEPLOYMENT_TARGET = 13.0;
				MARKETING_VERSION = 0.1.0;
				PRODUCT_BUNDLE_IDENTIFIER = com.contextapp.overlay.tests;
				PRODUCT_NAME = "$(TARGET_NAME)";
				SDKROOT = macosx;
				SUPPORTED_PLATFORMS = macosx;
				SWIFT_VERSION = 5.9;
				TEST_HOST = "$(BUILT_PRODUCTS_DIR)/ContextApp.app/Contents/MacOS/ContextApp";
				WRAPPER_EXTENSION = xctest;
			};
			name = Debug;
		};
		A10000000000000000000021 /* Release */ = {
			isa = XCBuildConfiguration;
			buildSettings = {
				BUNDLE_LOADER = "$(TEST_HOST)";
				CODE_SIGN_STYLE = Automatic;
				CURRENT_PROJECT_VERSION = 1;
				GENERATE_INFOPLIST_FILE = YES;
				LD_RUNPATH_SEARCH_PATHS = (
					"$(inherited)",
					"@executable_path/../Frameworks",
					"@loader_path/../Frameworks",
				);
				MACOSX_DEPLOYMENT_TARGET = 13.0;
				MARKETING_VERSION = 0.1.0;
				PRODUCT_BUNDLE_IDENTIFIER = com.contextapp.overlay.tests;
				PRODUCT_NAME = "$(TARGET_NAME)";
				SDKROOT = macosx;
				SUPPORTED_PLATFORMS = macosx;
				SWIFT_VERSION = 5.9;
				TEST_HOST = "$(BUILT_PRODUCTS_DIR)/ContextApp.app/Contents/MacOS/ContextApp";
				WRAPPER_EXTENSION = xctest;
			};
			name = Release;
		};
/* End XCBuildConfiguration section */

/* Begin XCConfigurationList section */
		A10000000000000000000013 /* Build configuration list for PBXNativeTarget "ContextApp" */ = {
			isa = XCConfigurationList;
			buildConfigurations = (
				A1000000000000000000001E /* Debug */,
				A1000000000000000000001F /* Release */,
			);
			defaultConfigurationIsVisible = 0;
			defaultConfigurationName = Release;
		};
		A10000000000000000000017 /* Build configuration list for PBXNativeTarget "ContextAppTests" */ = {
			isa = XCConfigurationList;
			buildConfigurations = (
				A10000000000000000000020 /* Debug */,
				A10000000000000000000021 /* Release */,
			);
			defaultConfigurationIsVisible = 0;
			defaultConfigurationName = Release;
		};
		A1000000000000000000001B /* Build configuration list for PBXProject "ContextApp" */ = {
			isa = XCConfigurationList;
			buildConfigurations = (
				A1000000000000000000001C /* Debug */,
				A1000000000000000000001D /* Release */,
			);
			defaultConfigurationIsVisible = 0;
			defaultConfigurationName = Release;
		};
/* End XCConfigurationList section */

/* Begin XCRemoteSwiftPackageReference section */
		AB0000000000000000000012 /* XCRemoteSwiftPackageReference "swift-markdown" */ = {
			isa = XCRemoteSwiftPackageReference;
			repositoryURL = "https://github.com/swiftlang/swift-markdown.git";
			requirement = {
				branch = main;
				kind = branch;
			};
		};
/* End XCRemoteSwiftPackageReference section */

/* Begin XCSwiftPackageProductDependency section */
		AB0000000000000000000013 /* Markdown */ = {
			isa = XCSwiftPackageProductDependency;
			package = AB0000000000000000000012 /* XCRemoteSwiftPackageReference "swift-markdown" */;
			productName = Markdown;
		};
/* End XCSwiftPackageProductDependency section */
	};
	rootObject = A10000000000000000000002 /* Project object */;
}
